// !$*UTF8*$!
{
	archiveVersion = 1;
	classes = {
	};
	objectVersion = 46;
	objects = {

/* Begin PBXBuildFile section */
		2798D3991986DFC8007F860B /* CategoryViewController.m in Sources */ = {isa = PBXBuildFile; fileRef = 2798D3981986DFC8007F860B /* CategoryViewController.m */; };
		2798D39C1986E8F7007F860B /* CategoryDto.m in Sources */ = {isa = PBXBuildFile; fileRef = 2798D39B1986E8F7007F860B /* CategoryDto.m */; };
		2798D39F1986ED1D007F860B /* CategoryCollectionViewCell.m in Sources */ = {isa = PBXBuildFile; fileRef = 2798D39E1986ED1D007F860B /* CategoryCollectionViewCell.m */; };
		2798D3A11986FFBA007F860B /* Images.xcassets in Resources */ = {isa = PBXBuildFile; fileRef = 2798D3A01986FFB9007F860B /* Images.xcassets */; };
		9811F6521988447E00F79CE9 /* MainViewController.m in Sources */ = {isa = PBXBuildFile; fileRef = 9811F6511988447E00F79CE9 /* MainViewController.m */; };
		9878C38B198D15A600BEB952 /* LanguagesViewController.m in Sources */ = {isa = PBXBuildFile; fileRef = 9878C38A198D15A600BEB952 /* LanguagesViewController.m */; };
		9878C38E198D171100BEB952 /* FeedbackViewController.m in Sources */ = {isa = PBXBuildFile; fileRef = 9878C38D198D171100BEB952 /* FeedbackViewController.m */; };
		9878C391198D172500BEB952 /* InfoViewController.m in Sources */ = {isa = PBXBuildFile; fileRef = 9878C390198D172500BEB952 /* InfoViewController.m */; };
		CE9992E019901D70008267EA /* localization.strings in Resources */ = {isa = PBXBuildFile; fileRef = CE9992E219901D70008267EA /* localization.strings */; };
		CEA9B5E31986E73B001F66E0 /* DetailViewController.m in Sources */ = {isa = PBXBuildFile; fileRef = CEA9B5E21986E73B001F66E0 /* DetailViewController.m */; };
		CEB13A2C19915B6D00F99B4D /* Localization.m in Sources */ = {isa = PBXBuildFile; fileRef = CEB13A2B19915B6D00F99B4D /* Localization.m */; };
		CEB8D0741986B9250000FCD4 /* Foundation.framework in Frameworks */ = {isa = PBXBuildFile; fileRef = CEB8D0731986B9250000FCD4 /* Foundation.framework */; };
		CEB8D0761986B9250000FCD4 /* CoreGraphics.framework in Frameworks */ = {isa = PBXBuildFile; fileRef = CEB8D0751986B9250000FCD4 /* CoreGraphics.framework */; };
		CEB8D0781986B9250000FCD4 /* UIKit.framework in Frameworks */ = {isa = PBXBuildFile; fileRef = CEB8D0771986B9250000FCD4 /* UIKit.framework */; };
		CEB8D07E1986B9250000FCD4 /* InfoPlist.strings in Resources */ = {isa = PBXBuildFile; fileRef = CEB8D07C1986B9250000FCD4 /* InfoPlist.strings */; };
		CEB8D0801986B9250000FCD4 /* main.m in Sources */ = {isa = PBXBuildFile; fileRef = CEB8D07F1986B9250000FCD4 /* main.m */; };
		CEB8D0841986B9250000FCD4 /* AppDelegate.m in Sources */ = {isa = PBXBuildFile; fileRef = CEB8D0831986B9250000FCD4 /* AppDelegate.m */; };
		CEB8D0871986B9250000FCD4 /* Main.storyboard in Resources */ = {isa = PBXBuildFile; fileRef = CEB8D0851986B9250000FCD4 /* Main.storyboard */; };
		CEB8D0931986B9250000FCD4 /* XCTest.framework in Frameworks */ = {isa = PBXBuildFile; fileRef = CEB8D0921986B9250000FCD4 /* XCTest.framework */; };
		CEB8D0941986B9250000FCD4 /* Foundation.framework in Frameworks */ = {isa = PBXBuildFile; fileRef = CEB8D0731986B9250000FCD4 /* Foundation.framework */; };
		CEB8D0951986B9250000FCD4 /* UIKit.framework in Frameworks */ = {isa = PBXBuildFile; fileRef = CEB8D0771986B9250000FCD4 /* UIKit.framework */; };
		CEB8D09D1986B9250000FCD4 /* InfoPlist.strings in Resources */ = {isa = PBXBuildFile; fileRef = CEB8D09B1986B9250000FCD4 /* InfoPlist.strings */; };
		CEB8D09F1986B9250000FCD4 /* CafeeManuTests.m in Sources */ = {isa = PBXBuildFile; fileRef = CEB8D09E1986B9250000FCD4 /* CafeeManuTests.m */; };
		CEB8D0CA1986BB980000FCD4 /* MKAnnotationView+WebCache.m in Sources */ = {isa = PBXBuildFile; fileRef = CEB8D0AA1986BB980000FCD4 /* MKAnnotationView+WebCache.m */; };
		CEB8D0CB1986BB980000FCD4 /* NSData+ImageContentType.m in Sources */ = {isa = PBXBuildFile; fileRef = CEB8D0AC1986BB980000FCD4 /* NSData+ImageContentType.m */; };
		CEB8D0CC1986BB980000FCD4 /* SDImageCache.m in Sources */ = {isa = PBXBuildFile; fileRef = CEB8D0AE1986BB980000FCD4 /* SDImageCache.m */; };
		CEB8D0CD1986BB980000FCD4 /* SDWebImageCompat.m in Sources */ = {isa = PBXBuildFile; fileRef = CEB8D0B01986BB980000FCD4 /* SDWebImageCompat.m */; };
		CEB8D0CE1986BB980000FCD4 /* SDWebImageDecoder.m in Sources */ = {isa = PBXBuildFile; fileRef = CEB8D0B21986BB980000FCD4 /* SDWebImageDecoder.m */; };
		CEB8D0CF1986BB980000FCD4 /* SDWebImageDownloader.m in Sources */ = {isa = PBXBuildFile; fileRef = CEB8D0B41986BB980000FCD4 /* SDWebImageDownloader.m */; };
		CEB8D0D01986BB980000FCD4 /* SDWebImageDownloaderOperation.m in Sources */ = {isa = PBXBuildFile; fileRef = CEB8D0B61986BB980000FCD4 /* SDWebImageDownloaderOperation.m */; };
		CEB8D0D11986BB980000FCD4 /* SDWebImageManager.m in Sources */ = {isa = PBXBuildFile; fileRef = CEB8D0B81986BB980000FCD4 /* SDWebImageManager.m */; };
		CEB8D0D21986BB980000FCD4 /* SDWebImagePrefetcher.m in Sources */ = {isa = PBXBuildFile; fileRef = CEB8D0BB1986BB980000FCD4 /* SDWebImagePrefetcher.m */; };
		CEB8D0D31986BB980000FCD4 /* UIButton+WebCache.m in Sources */ = {isa = PBXBuildFile; fileRef = CEB8D0BD1986BB980000FCD4 /* UIButton+WebCache.m */; };
		CEB8D0D41986BB980000FCD4 /* UIImage+GIF.m in Sources */ = {isa = PBXBuildFile; fileRef = CEB8D0BF1986BB980000FCD4 /* UIImage+GIF.m */; };
		CEB8D0D51986BB980000FCD4 /* UIImage+MultiFormat.m in Sources */ = {isa = PBXBuildFile; fileRef = CEB8D0C11986BB980000FCD4 /* UIImage+MultiFormat.m */; };
		CEB8D0D61986BB980000FCD4 /* UIImage+WebP.m in Sources */ = {isa = PBXBuildFile; fileRef = CEB8D0C31986BB980000FCD4 /* UIImage+WebP.m */; };
		CEB8D0D71986BB980000FCD4 /* UIImageView+HighlightedWebCache.m in Sources */ = {isa = PBXBuildFile; fileRef = CEB8D0C51986BB980000FCD4 /* UIImageView+HighlightedWebCache.m */; };
		CEB8D0D81986BB980000FCD4 /* UIImageView+WebCache.m in Sources */ = {isa = PBXBuildFile; fileRef = CEB8D0C71986BB980000FCD4 /* UIImageView+WebCache.m */; };
		CEB8D0D91986BB980000FCD4 /* UIView+WebCacheOperation.m in Sources */ = {isa = PBXBuildFile; fileRef = CEB8D0C91986BB980000FCD4 /* UIView+WebCacheOperation.m */; };
		CEB8D1001986BBAC0000FCD4 /* AFHTTPRequestOperation.m in Sources */ = {isa = PBXBuildFile; fileRef = CEB8D0DC1986BBAC0000FCD4 /* AFHTTPRequestOperation.m */; };
		CEB8D1011986BBAC0000FCD4 /* AFHTTPRequestOperationManager.m in Sources */ = {isa = PBXBuildFile; fileRef = CEB8D0DE1986BBAC0000FCD4 /* AFHTTPRequestOperationManager.m */; };
		CEB8D1021986BBAC0000FCD4 /* AFHTTPSessionManager.m in Sources */ = {isa = PBXBuildFile; fileRef = CEB8D0E01986BBAC0000FCD4 /* AFHTTPSessionManager.m */; };
		CEB8D1031986BBAC0000FCD4 /* AFNetworkReachabilityManager.m in Sources */ = {isa = PBXBuildFile; fileRef = CEB8D0E31986BBAC0000FCD4 /* AFNetworkReachabilityManager.m */; };
		CEB8D1041986BBAC0000FCD4 /* AFSecurityPolicy.m in Sources */ = {isa = PBXBuildFile; fileRef = CEB8D0E51986BBAC0000FCD4 /* AFSecurityPolicy.m */; };
		CEB8D1051986BBAC0000FCD4 /* AFURLConnectionOperation.m in Sources */ = {isa = PBXBuildFile; fileRef = CEB8D0E71986BBAC0000FCD4 /* AFURLConnectionOperation.m */; };
		CEB8D1061986BBAC0000FCD4 /* AFURLRequestSerialization.m in Sources */ = {isa = PBXBuildFile; fileRef = CEB8D0E91986BBAC0000FCD4 /* AFURLRequestSerialization.m */; };
		CEB8D1071986BBAC0000FCD4 /* AFURLResponseSerialization.m in Sources */ = {isa = PBXBuildFile; fileRef = CEB8D0EB1986BBAC0000FCD4 /* AFURLResponseSerialization.m */; };
		CEB8D1081986BBAC0000FCD4 /* AFURLSessionManager.m in Sources */ = {isa = PBXBuildFile; fileRef = CEB8D0ED1986BBAC0000FCD4 /* AFURLSessionManager.m */; };
		CEB8D1091986BBAC0000FCD4 /* AFNetworkActivityIndicatorManager.m in Sources */ = {isa = PBXBuildFile; fileRef = CEB8D0F01986BBAC0000FCD4 /* AFNetworkActivityIndicatorManager.m */; };
		CEB8D10A1986BBAC0000FCD4 /* UIActivityIndicatorView+AFNetworking.m in Sources */ = {isa = PBXBuildFile; fileRef = CEB8D0F21986BBAC0000FCD4 /* UIActivityIndicatorView+AFNetworking.m */; };
		CEB8D10B1986BBAC0000FCD4 /* UIAlertView+AFNetworking.m in Sources */ = {isa = PBXBuildFile; fileRef = CEB8D0F41986BBAC0000FCD4 /* UIAlertView+AFNetworking.m */; };
		CEB8D10C1986BBAC0000FCD4 /* UIButton+AFNetworking.m in Sources */ = {isa = PBXBuildFile; fileRef = CEB8D0F61986BBAC0000FCD4 /* UIButton+AFNetworking.m */; };
		CEB8D10D1986BBAC0000FCD4 /* UIImageView+AFNetworking.m in Sources */ = {isa = PBXBuildFile; fileRef = CEB8D0F81986BBAC0000FCD4 /* UIImageView+AFNetworking.m */; };
		CEB8D10E1986BBAC0000FCD4 /* UIProgressView+AFNetworking.m in Sources */ = {isa = PBXBuildFile; fileRef = CEB8D0FB1986BBAC0000FCD4 /* UIProgressView+AFNetworking.m */; };
		CEB8D10F1986BBAC0000FCD4 /* UIRefreshControl+AFNetworking.m in Sources */ = {isa = PBXBuildFile; fileRef = CEB8D0FD1986BBAC0000FCD4 /* UIRefreshControl+AFNetworking.m */; };
		CEB8D1101986BBAC0000FCD4 /* UIWebView+AFNetworking.m in Sources */ = {isa = PBXBuildFile; fileRef = CEB8D0FF1986BBAC0000FCD4 /* UIWebView+AFNetworking.m */; };
		CEB8D1131986BBB80000FCD4 /* ServerInterface.m in Sources */ = {isa = PBXBuildFile; fileRef = CEB8D1121986BBB80000FCD4 /* ServerInterface.m */; };
		CEB8D1171986BC280000FCD4 /* Constants.m in Sources */ = {isa = PBXBuildFile; fileRef = CEB8D1161986BC280000FCD4 /* Constants.m */; };
/* End PBXBuildFile section */

/* Begin PBXContainerItemProxy section */
		CEB8D0961986B9250000FCD4 /* PBXContainerItemProxy */ = {
			isa = PBXContainerItemProxy;
			containerPortal = CEB8D0681986B9240000FCD4 /* Project object */;
			proxyType = 1;
			remoteGlobalIDString = CEB8D06F1986B9250000FCD4;
			remoteInfo = CafeeManu;
		};
/* End PBXContainerItemProxy section */

/* Begin PBXFileReference section */
		2798D3971986DFC8007F860B /* CategoryViewController.h */ = {isa = PBXFileReference; fileEncoding = 4; lastKnownFileType = sourcecode.c.h; path = CategoryViewController.h; sourceTree = "<group>"; };
		2798D3981986DFC8007F860B /* CategoryViewController.m */ = {isa = PBXFileReference; fileEncoding = 4; lastKnownFileType = sourcecode.c.objc; path = CategoryViewController.m; sourceTree = "<group>"; };
		2798D39A1986E8F7007F860B /* CategoryDto.h */ = {isa = PBXFileReference; fileEncoding = 4; lastKnownFileType = sourcecode.c.h; name = CategoryDto.h; path = CafeeManu/CategoryDto.h; sourceTree = "<group>"; };
		2798D39B1986E8F7007F860B /* CategoryDto.m */ = {isa = PBXFileReference; fileEncoding = 4; lastKnownFileType = sourcecode.c.objc; name = CategoryDto.m; path = CafeeManu/CategoryDto.m; sourceTree = "<group>"; };
		2798D39D1986ED1D007F860B /* CategoryCollectionViewCell.h */ = {isa = PBXFileReference; fileEncoding = 4; lastKnownFileType = sourcecode.c.h; path = CategoryCollectionViewCell.h; sourceTree = "<group>"; };
		2798D39E1986ED1D007F860B /* CategoryCollectionViewCell.m */ = {isa = PBXFileReference; fileEncoding = 4; lastKnownFileType = sourcecode.c.objc; path = CategoryCollectionViewCell.m; sourceTree = "<group>"; };
		2798D3A01986FFB9007F860B /* Images.xcassets */ = {isa = PBXFileReference; lastKnownFileType = folder.assetcatalog; path = Images.xcassets; sourceTree = "<group>"; };
		9811F6501988447E00F79CE9 /* MainViewController.h */ = {isa = PBXFileReference; fileEncoding = 4; lastKnownFileType = sourcecode.c.h; path = MainViewController.h; sourceTree = "<group>"; };
		9811F6511988447E00F79CE9 /* MainViewController.m */ = {isa = PBXFileReference; fileEncoding = 4; lastKnownFileType = sourcecode.c.objc; path = MainViewController.m; sourceTree = "<group>"; };
		9878C389198D15A600BEB952 /* LanguagesViewController.h */ = {isa = PBXFileReference; fileEncoding = 4; lastKnownFileType = sourcecode.c.h; path = LanguagesViewController.h; sourceTree = "<group>"; };
		9878C38A198D15A600BEB952 /* LanguagesViewController.m */ = {isa = PBXFileReference; fileEncoding = 4; lastKnownFileType = sourcecode.c.objc; path = LanguagesViewController.m; sourceTree = "<group>"; };
		9878C38C198D171100BEB952 /* FeedbackViewController.h */ = {isa = PBXFileReference; fileEncoding = 4; lastKnownFileType = sourcecode.c.h; path = FeedbackViewController.h; sourceTree = "<group>"; };
		9878C38D198D171100BEB952 /* FeedbackViewController.m */ = {isa = PBXFileReference; fileEncoding = 4; lastKnownFileType = sourcecode.c.objc; path = FeedbackViewController.m; sourceTree = "<group>"; };
		9878C38F198D172500BEB952 /* InfoViewController.h */ = {isa = PBXFileReference; fileEncoding = 4; lastKnownFileType = sourcecode.c.h; path = InfoViewController.h; sourceTree = "<group>"; };
		9878C390198D172500BEB952 /* InfoViewController.m */ = {isa = PBXFileReference; fileEncoding = 4; lastKnownFileType = sourcecode.c.objc; path = InfoViewController.m; sourceTree = "<group>"; };
		CE9992DD199004BB008267EA /* en */ = {isa = PBXFileReference; lastKnownFileType = text.plist.strings; name = en; path = en.lproj/Main.strings; sourceTree = "<group>"; };
		CEA9B5E11986E73B001F66E0 /* DetailViewController.h */ = {isa = PBXFileReference; fileEncoding = 4; lastKnownFileType = sourcecode.c.h; path = DetailViewController.h; sourceTree = "<group>"; };
		CEA9B5E21986E73B001F66E0 /* DetailViewController.m */ = {isa = PBXFileReference; fileEncoding = 4; lastKnownFileType = sourcecode.c.objc; path = DetailViewController.m; sourceTree = "<group>"; };
		CEB13A211991554500F99B4D /* hy */ = {isa = PBXFileReference; lastKnownFileType = text.plist.strings; name = hy; path = hy.lproj/Main.strings; sourceTree = "<group>"; };
		CEB13A221991554500F99B4D /* hy */ = {isa = PBXFileReference; lastKnownFileType = text.plist.strings; name = hy; path = hy.lproj/InfoPlist.strings; sourceTree = "<group>"; };
		CEB13A231991554500F99B4D /* hy */ = {isa = PBXFileReference; lastKnownFileType = text.plist.strings; name = hy; path = hy.lproj/localization.strings; sourceTree = "<group>"; };
		CEB13A241991554500F99B4D /* hy */ = {isa = PBXFileReference; lastKnownFileType = text.plist.strings; name = hy; path = hy.lproj/InfoPlist.strings; sourceTree = "<group>"; };
		CEB13A251991555400F99B4D /* ru */ = {isa = PBXFileReference; lastKnownFileType = text.plist.strings; name = ru; path = ru.lproj/Main.strings; sourceTree = "<group>"; };
		CEB13A261991555400F99B4D /* ru */ = {isa = PBXFileReference; lastKnownFileType = text.plist.strings; name = ru; path = ru.lproj/InfoPlist.strings; sourceTree = "<group>"; };
		CEB13A271991555400F99B4D /* ru */ = {isa = PBXFileReference; lastKnownFileType = text.plist.strings; name = ru; path = ru.lproj/localization.strings; sourceTree = "<group>"; };
		CEB13A281991555400F99B4D /* ru */ = {isa = PBXFileReference; lastKnownFileType = text.plist.strings; name = ru; path = ru.lproj/InfoPlist.strings; sourceTree = "<group>"; };
		CEB13A291991556000F99B4D /* en */ = {isa = PBXFileReference; lastKnownFileType = text.plist.strings; name = en; path = en.lproj/localization.strings; sourceTree = "<group>"; };
		CEB13A2A19915B6D00F99B4D /* Localization.h */ = {isa = PBXFileReference; fileEncoding = 4; lastKnownFileType = sourcecode.c.h; path = Localization.h; sourceTree = "<group>"; };
		CEB13A2B19915B6D00F99B4D /* Localization.m */ = {isa = PBXFileReference; fileEncoding = 4; lastKnownFileType = sourcecode.c.objc; path = Localization.m; sourceTree = "<group>"; };
		CEB8D0701986B9250000FCD4 /* CafeeManu.app */ = {isa = PBXFileReference; explicitFileType = wrapper.application; includeInIndex = 0; path = CafeeManu.app; sourceTree = BUILT_PRODUCTS_DIR; };
		CEB8D0731986B9250000FCD4 /* Foundation.framework */ = {isa = PBXFileReference; lastKnownFileType = wrapper.framework; name = Foundation.framework; path = System/Library/Frameworks/Foundation.framework; sourceTree = SDKROOT; };
		CEB8D0751986B9250000FCD4 /* CoreGraphics.framework */ = {isa = PBXFileReference; lastKnownFileType = wrapper.framework; name = CoreGraphics.framework; path = System/Library/Frameworks/CoreGraphics.framework; sourceTree = SDKROOT; };
		CEB8D0771986B9250000FCD4 /* UIKit.framework */ = {isa = PBXFileReference; lastKnownFileType = wrapper.framework; name = UIKit.framework; path = System/Library/Frameworks/UIKit.framework; sourceTree = SDKROOT; };
		CEB8D07B1986B9250000FCD4 /* CafeeManu-Info.plist */ = {isa = PBXFileReference; lastKnownFileType = text.plist.xml; path = "CafeeManu-Info.plist"; sourceTree = "<group>"; };
		CEB8D07D1986B9250000FCD4 /* en */ = {isa = PBXFileReference; lastKnownFileType = text.plist.strings; name = en; path = en.lproj/InfoPlist.strings; sourceTree = "<group>"; };
		CEB8D07F1986B9250000FCD4 /* main.m */ = {isa = PBXFileReference; lastKnownFileType = sourcecode.c.objc; path = main.m; sourceTree = "<group>"; };
		CEB8D0811986B9250000FCD4 /* CafeeManu-Prefix.pch */ = {isa = PBXFileReference; lastKnownFileType = sourcecode.c.h; path = "CafeeManu-Prefix.pch"; sourceTree = "<group>"; };
		CEB8D0821986B9250000FCD4 /* AppDelegate.h */ = {isa = PBXFileReference; lastKnownFileType = sourcecode.c.h; path = AppDelegate.h; sourceTree = "<group>"; };
		CEB8D0831986B9250000FCD4 /* AppDelegate.m */ = {isa = PBXFileReference; lastKnownFileType = sourcecode.c.objc; path = AppDelegate.m; sourceTree = "<group>"; };
		CEB8D0861986B9250000FCD4 /* Base */ = {isa = PBXFileReference; lastKnownFileType = file.storyboard; name = Base; path = Base.lproj/Main.storyboard; sourceTree = "<group>"; };
		CEB8D0911986B9250000FCD4 /* CafeeManuTests.xctest */ = {isa = PBXFileReference; explicitFileType = wrapper.cfbundle; includeInIndex = 0; path = CafeeManuTests.xctest; sourceTree = BUILT_PRODUCTS_DIR; };
		CEB8D0921986B9250000FCD4 /* XCTest.framework */ = {isa = PBXFileReference; lastKnownFileType = wrapper.framework; name = XCTest.framework; path = Library/Frameworks/XCTest.framework; sourceTree = DEVELOPER_DIR; };
		CEB8D09A1986B9250000FCD4 /* CafeeManuTests-Info.plist */ = {isa = PBXFileReference; lastKnownFileType = text.plist.xml; path = "CafeeManuTests-Info.plist"; sourceTree = "<group>"; };
		CEB8D09C1986B9250000FCD4 /* en */ = {isa = PBXFileReference; lastKnownFileType = text.plist.strings; name = en; path = en.lproj/InfoPlist.strings; sourceTree = "<group>"; };
		CEB8D09E1986B9250000FCD4 /* CafeeManuTests.m */ = {isa = PBXFileReference; lastKnownFileType = sourcecode.c.objc; path = CafeeManuTests.m; sourceTree = "<group>"; };
		CEB8D0A91986BB980000FCD4 /* MKAnnotationView+WebCache.h */ = {isa = PBXFileReference; fileEncoding = 4; lastKnownFileType = sourcecode.c.h; path = "MKAnnotationView+WebCache.h"; sourceTree = "<group>"; };
		CEB8D0AA1986BB980000FCD4 /* MKAnnotationView+WebCache.m */ = {isa = PBXFileReference; fileEncoding = 4; lastKnownFileType = sourcecode.c.objc; path = "MKAnnotationView+WebCache.m"; sourceTree = "<group>"; };
		CEB8D0AB1986BB980000FCD4 /* NSData+ImageContentType.h */ = {isa = PBXFileReference; fileEncoding = 4; lastKnownFileType = sourcecode.c.h; path = "NSData+ImageContentType.h"; sourceTree = "<group>"; };
		CEB8D0AC1986BB980000FCD4 /* NSData+ImageContentType.m */ = {isa = PBXFileReference; fileEncoding = 4; lastKnownFileType = sourcecode.c.objc; path = "NSData+ImageContentType.m"; sourceTree = "<group>"; };
		CEB8D0AD1986BB980000FCD4 /* SDImageCache.h */ = {isa = PBXFileReference; fileEncoding = 4; lastKnownFileType = sourcecode.c.h; path = SDImageCache.h; sourceTree = "<group>"; };
		CEB8D0AE1986BB980000FCD4 /* SDImageCache.m */ = {isa = PBXFileReference; fileEncoding = 4; lastKnownFileType = sourcecode.c.objc; path = SDImageCache.m; sourceTree = "<group>"; };
		CEB8D0AF1986BB980000FCD4 /* SDWebImageCompat.h */ = {isa = PBXFileReference; fileEncoding = 4; lastKnownFileType = sourcecode.c.h; path = SDWebImageCompat.h; sourceTree = "<group>"; };
		CEB8D0B01986BB980000FCD4 /* SDWebImageCompat.m */ = {isa = PBXFileReference; fileEncoding = 4; lastKnownFileType = sourcecode.c.objc; path = SDWebImageCompat.m; sourceTree = "<group>"; };
		CEB8D0B11986BB980000FCD4 /* SDWebImageDecoder.h */ = {isa = PBXFileReference; fileEncoding = 4; lastKnownFileType = sourcecode.c.h; path = SDWebImageDecoder.h; sourceTree = "<group>"; };
		CEB8D0B21986BB980000FCD4 /* SDWebImageDecoder.m */ = {isa = PBXFileReference; fileEncoding = 4; lastKnownFileType = sourcecode.c.objc; path = SDWebImageDecoder.m; sourceTree = "<group>"; };
		CEB8D0B31986BB980000FCD4 /* SDWebImageDownloader.h */ = {isa = PBXFileReference; fileEncoding = 4; lastKnownFileType = sourcecode.c.h; path = SDWebImageDownloader.h; sourceTree = "<group>"; };
		CEB8D0B41986BB980000FCD4 /* SDWebImageDownloader.m */ = {isa = PBXFileReference; fileEncoding = 4; lastKnownFileType = sourcecode.c.objc; path = SDWebImageDownloader.m; sourceTree = "<group>"; };
		CEB8D0B51986BB980000FCD4 /* SDWebImageDownloaderOperation.h */ = {isa = PBXFileReference; fileEncoding = 4; lastKnownFileType = sourcecode.c.h; path = SDWebImageDownloaderOperation.h; sourceTree = "<group>"; };
		CEB8D0B61986BB980000FCD4 /* SDWebImageDownloaderOperation.m */ = {isa = PBXFileReference; fileEncoding = 4; lastKnownFileType = sourcecode.c.objc; path = SDWebImageDownloaderOperation.m; sourceTree = "<group>"; };
		CEB8D0B71986BB980000FCD4 /* SDWebImageManager.h */ = {isa = PBXFileReference; fileEncoding = 4; lastKnownFileType = sourcecode.c.h; path = SDWebImageManager.h; sourceTree = "<group>"; };
		CEB8D0B81986BB980000FCD4 /* SDWebImageManager.m */ = {isa = PBXFileReference; fileEncoding = 4; lastKnownFileType = sourcecode.c.objc; path = SDWebImageManager.m; sourceTree = "<group>"; };
		CEB8D0B91986BB980000FCD4 /* SDWebImageOperation.h */ = {isa = PBXFileReference; fileEncoding = 4; lastKnownFileType = sourcecode.c.h; path = SDWebImageOperation.h; sourceTree = "<group>"; };
		CEB8D0BA1986BB980000FCD4 /* SDWebImagePrefetcher.h */ = {isa = PBXFileReference; fileEncoding = 4; lastKnownFileType = sourcecode.c.h; path = SDWebImagePrefetcher.h; sourceTree = "<group>"; };
		CEB8D0BB1986BB980000FCD4 /* SDWebImagePrefetcher.m */ = {isa = PBXFileReference; fileEncoding = 4; lastKnownFileType = sourcecode.c.objc; path = SDWebImagePrefetcher.m; sourceTree = "<group>"; };
		CEB8D0BC1986BB980000FCD4 /* UIButton+WebCache.h */ = {isa = PBXFileReference; fileEncoding = 4; lastKnownFileType = sourcecode.c.h; path = "UIButton+WebCache.h"; sourceTree = "<group>"; };
		CEB8D0BD1986BB980000FCD4 /* UIButton+WebCache.m */ = {isa = PBXFileReference; fileEncoding = 4; lastKnownFileType = sourcecode.c.objc; path = "UIButton+WebCache.m"; sourceTree = "<group>"; };
		CEB8D0BE1986BB980000FCD4 /* UIImage+GIF.h */ = {isa = PBXFileReference; fileEncoding = 4; lastKnownFileType = sourcecode.c.h; path = "UIImage+GIF.h"; sourceTree = "<group>"; };
		CEB8D0BF1986BB980000FCD4 /* UIImage+GIF.m */ = {isa = PBXFileReference; fileEncoding = 4; lastKnownFileType = sourcecode.c.objc; path = "UIImage+GIF.m"; sourceTree = "<group>"; };
		CEB8D0C01986BB980000FCD4 /* UIImage+MultiFormat.h */ = {isa = PBXFileReference; fileEncoding = 4; lastKnownFileType = sourcecode.c.h; path = "UIImage+MultiFormat.h"; sourceTree = "<group>"; };
		CEB8D0C11986BB980000FCD4 /* UIImage+MultiFormat.m */ = {isa = PBXFileReference; fileEncoding = 4; lastKnownFileType = sourcecode.c.objc; path = "UIImage+MultiFormat.m"; sourceTree = "<group>"; };
		CEB8D0C21986BB980000FCD4 /* UIImage+WebP.h */ = {isa = PBXFileReference; fileEncoding = 4; lastKnownFileType = sourcecode.c.h; path = "UIImage+WebP.h"; sourceTree = "<group>"; };
		CEB8D0C31986BB980000FCD4 /* UIImage+WebP.m */ = {isa = PBXFileReference; fileEncoding = 4; lastKnownFileType = sourcecode.c.objc; path = "UIImage+WebP.m"; sourceTree = "<group>"; };
		CEB8D0C41986BB980000FCD4 /* UIImageView+HighlightedWebCache.h */ = {isa = PBXFileReference; fileEncoding = 4; lastKnownFileType = sourcecode.c.h; path = "UIImageView+HighlightedWebCache.h"; sourceTree = "<group>"; };
		CEB8D0C51986BB980000FCD4 /* UIImageView+HighlightedWebCache.m */ = {isa = PBXFileReference; fileEncoding = 4; lastKnownFileType = sourcecode.c.objc; path = "UIImageView+HighlightedWebCache.m"; sourceTree = "<group>"; };
		CEB8D0C61986BB980000FCD4 /* UIImageView+WebCache.h */ = {isa = PBXFileReference; fileEncoding = 4; lastKnownFileType = sourcecode.c.h; path = "UIImageView+WebCache.h"; sourceTree = "<group>"; };
		CEB8D0C71986BB980000FCD4 /* UIImageView+WebCache.m */ = {isa = PBXFileReference; fileEncoding = 4; lastKnownFileType = sourcecode.c.objc; path = "UIImageView+WebCache.m"; sourceTree = "<group>"; };
		CEB8D0C81986BB980000FCD4 /* UIView+WebCacheOperation.h */ = {isa = PBXFileReference; fileEncoding = 4; lastKnownFileType = sourcecode.c.h; path = "UIView+WebCacheOperation.h"; sourceTree = "<group>"; };
		CEB8D0C91986BB980000FCD4 /* UIView+WebCacheOperation.m */ = {isa = PBXFileReference; fileEncoding = 4; lastKnownFileType = sourcecode.c.objc; path = "UIView+WebCacheOperation.m"; sourceTree = "<group>"; };
		CEB8D0DB1986BBAC0000FCD4 /* AFHTTPRequestOperation.h */ = {isa = PBXFileReference; fileEncoding = 4; lastKnownFileType = sourcecode.c.h; path = AFHTTPRequestOperation.h; sourceTree = "<group>"; };
		CEB8D0DC1986BBAC0000FCD4 /* AFHTTPRequestOperation.m */ = {isa = PBXFileReference; fileEncoding = 4; lastKnownFileType = sourcecode.c.objc; path = AFHTTPRequestOperation.m; sourceTree = "<group>"; };
		CEB8D0DD1986BBAC0000FCD4 /* AFHTTPRequestOperationManager.h */ = {isa = PBXFileReference; fileEncoding = 4; lastKnownFileType = sourcecode.c.h; path = AFHTTPRequestOperationManager.h; sourceTree = "<group>"; };
		CEB8D0DE1986BBAC0000FCD4 /* AFHTTPRequestOperationManager.m */ = {isa = PBXFileReference; fileEncoding = 4; lastKnownFileType = sourcecode.c.objc; path = AFHTTPRequestOperationManager.m; sourceTree = "<group>"; };
		CEB8D0DF1986BBAC0000FCD4 /* AFHTTPSessionManager.h */ = {isa = PBXFileReference; fileEncoding = 4; lastKnownFileType = sourcecode.c.h; path = AFHTTPSessionManager.h; sourceTree = "<group>"; };
		CEB8D0E01986BBAC0000FCD4 /* AFHTTPSessionManager.m */ = {isa = PBXFileReference; fileEncoding = 4; lastKnownFileType = sourcecode.c.objc; path = AFHTTPSessionManager.m; sourceTree = "<group>"; };
		CEB8D0E11986BBAC0000FCD4 /* AFNetworking.h */ = {isa = PBXFileReference; fileEncoding = 4; lastKnownFileType = sourcecode.c.h; path = AFNetworking.h; sourceTree = "<group>"; };
		CEB8D0E21986BBAC0000FCD4 /* AFNetworkReachabilityManager.h */ = {isa = PBXFileReference; fileEncoding = 4; lastKnownFileType = sourcecode.c.h; path = AFNetworkReachabilityManager.h; sourceTree = "<group>"; };
		CEB8D0E31986BBAC0000FCD4 /* AFNetworkReachabilityManager.m */ = {isa = PBXFileReference; fileEncoding = 4; lastKnownFileType = sourcecode.c.objc; path = AFNetworkReachabilityManager.m; sourceTree = "<group>"; };
		CEB8D0E41986BBAC0000FCD4 /* AFSecurityPolicy.h */ = {isa = PBXFileReference; fileEncoding = 4; lastKnownFileType = sourcecode.c.h; path = AFSecurityPolicy.h; sourceTree = "<group>"; };
		CEB8D0E51986BBAC0000FCD4 /* AFSecurityPolicy.m */ = {isa = PBXFileReference; fileEncoding = 4; lastKnownFileType = sourcecode.c.objc; path = AFSecurityPolicy.m; sourceTree = "<group>"; };
		CEB8D0E61986BBAC0000FCD4 /* AFURLConnectionOperation.h */ = {isa = PBXFileReference; fileEncoding = 4; lastKnownFileType = sourcecode.c.h; path = AFURLConnectionOperation.h; sourceTree = "<group>"; };
		CEB8D0E71986BBAC0000FCD4 /* AFURLConnectionOperation.m */ = {isa = PBXFileReference; fileEncoding = 4; lastKnownFileType = sourcecode.c.objc; path = AFURLConnectionOperation.m; sourceTree = "<group>"; };
		CEB8D0E81986BBAC0000FCD4 /* AFURLRequestSerialization.h */ = {isa = PBXFileReference; fileEncoding = 4; lastKnownFileType = sourcecode.c.h; path = AFURLRequestSerialization.h; sourceTree = "<group>"; };
		CEB8D0E91986BBAC0000FCD4 /* AFURLRequestSerialization.m */ = {isa = PBXFileReference; fileEncoding = 4; lastKnownFileType = sourcecode.c.objc; path = AFURLRequestSerialization.m; sourceTree = "<group>"; };
		CEB8D0EA1986BBAC0000FCD4 /* AFURLResponseSerialization.h */ = {isa = PBXFileReference; fileEncoding = 4; lastKnownFileType = sourcecode.c.h; path = AFURLResponseSerialization.h; sourceTree = "<group>"; };
		CEB8D0EB1986BBAC0000FCD4 /* AFURLResponseSerialization.m */ = {isa = PBXFileReference; fileEncoding = 4; lastKnownFileType = sourcecode.c.objc; path = AFURLResponseSerialization.m; sourceTree = "<group>"; };
		CEB8D0EC1986BBAC0000FCD4 /* AFURLSessionManager.h */ = {isa = PBXFileReference; fileEncoding = 4; lastKnownFileType = sourcecode.c.h; path = AFURLSessionManager.h; sourceTree = "<group>"; };
		CEB8D0ED1986BBAC0000FCD4 /* AFURLSessionManager.m */ = {isa = PBXFileReference; fileEncoding = 4; lastKnownFileType = sourcecode.c.objc; path = AFURLSessionManager.m; sourceTree = "<group>"; };
		CEB8D0EF1986BBAC0000FCD4 /* AFNetworkActivityIndicatorManager.h */ = {isa = PBXFileReference; fileEncoding = 4; lastKnownFileType = sourcecode.c.h; path = AFNetworkActivityIndicatorManager.h; sourceTree = "<group>"; };
		CEB8D0F01986BBAC0000FCD4 /* AFNetworkActivityIndicatorManager.m */ = {isa = PBXFileReference; fileEncoding = 4; lastKnownFileType = sourcecode.c.objc; path = AFNetworkActivityIndicatorManager.m; sourceTree = "<group>"; };
		CEB8D0F11986BBAC0000FCD4 /* UIActivityIndicatorView+AFNetworking.h */ = {isa = PBXFileReference; fileEncoding = 4; lastKnownFileType = sourcecode.c.h; path = "UIActivityIndicatorView+AFNetworking.h"; sourceTree = "<group>"; };
		CEB8D0F21986BBAC0000FCD4 /* UIActivityIndicatorView+AFNetworking.m */ = {isa = PBXFileReference; fileEncoding = 4; lastKnownFileType = sourcecode.c.objc; path = "UIActivityIndicatorView+AFNetworking.m"; sourceTree = "<group>"; };
		CEB8D0F31986BBAC0000FCD4 /* UIAlertView+AFNetworking.h */ = {isa = PBXFileReference; fileEncoding = 4; lastKnownFileType = sourcecode.c.h; path = "UIAlertView+AFNetworking.h"; sourceTree = "<group>"; };
		CEB8D0F41986BBAC0000FCD4 /* UIAlertView+AFNetworking.m */ = {isa = PBXFileReference; fileEncoding = 4; lastKnownFileType = sourcecode.c.objc; path = "UIAlertView+AFNetworking.m"; sourceTree = "<group>"; };
		CEB8D0F51986BBAC0000FCD4 /* UIButton+AFNetworking.h */ = {isa = PBXFileReference; fileEncoding = 4; lastKnownFileType = sourcecode.c.h; path = "UIButton+AFNetworking.h"; sourceTree = "<group>"; };
		CEB8D0F61986BBAC0000FCD4 /* UIButton+AFNetworking.m */ = {isa = PBXFileReference; fileEncoding = 4; lastKnownFileType = sourcecode.c.objc; path = "UIButton+AFNetworking.m"; sourceTree = "<group>"; };
		CEB8D0F71986BBAC0000FCD4 /* UIImageView+AFNetworking.h */ = {isa = PBXFileReference; fileEncoding = 4; lastKnownFileType = sourcecode.c.h; path = "UIImageView+AFNetworking.h"; sourceTree = "<group>"; };
		CEB8D0F81986BBAC0000FCD4 /* UIImageView+AFNetworking.m */ = {isa = PBXFileReference; fileEncoding = 4; lastKnownFileType = sourcecode.c.objc; path = "UIImageView+AFNetworking.m"; sourceTree = "<group>"; };
		CEB8D0F91986BBAC0000FCD4 /* UIKit+AFNetworking.h */ = {isa = PBXFileReference; fileEncoding = 4; lastKnownFileType = sourcecode.c.h; path = "UIKit+AFNetworking.h"; sourceTree = "<group>"; };
		CEB8D0FA1986BBAC0000FCD4 /* UIProgressView+AFNetworking.h */ = {isa = PBXFileReference; fileEncoding = 4; lastKnownFileType = sourcecode.c.h; path = "UIProgressView+AFNetworking.h"; sourceTree = "<group>"; };
		CEB8D0FB1986BBAC0000FCD4 /* UIProgressView+AFNetworking.m */ = {isa = PBXFileReference; fileEncoding = 4; lastKnownFileType = sourcecode.c.objc; path = "UIProgressView+AFNetworking.m"; sourceTree = "<group>"; };
		CEB8D0FC1986BBAC0000FCD4 /* UIRefreshControl+AFNetworking.h */ = {isa = PBXFileReference; fileEncoding = 4; lastKnownFileType = sourcecode.c.h; path = "UIRefreshControl+AFNetworking.h"; sourceTree = "<group>"; };
		CEB8D0FD1986BBAC0000FCD4 /* UIRefreshControl+AFNetworking.m */ = {isa = PBXFileReference; fileEncoding = 4; lastKnownFileType = sourcecode.c.objc; path = "UIRefreshControl+AFNetworking.m"; sourceTree = "<group>"; };
		CEB8D0FE1986BBAC0000FCD4 /* UIWebView+AFNetworking.h */ = {isa = PBXFileReference; fileEncoding = 4; lastKnownFileType = sourcecode.c.h; path = "UIWebView+AFNetworking.h"; sourceTree = "<group>"; };
		CEB8D0FF1986BBAC0000FCD4 /* UIWebView+AFNetworking.m */ = {isa = PBXFileReference; fileEncoding = 4; lastKnownFileType = sourcecode.c.objc; path = "UIWebView+AFNetworking.m"; sourceTree = "<group>"; };
		CEB8D1111986BBB80000FCD4 /* ServerInterface.h */ = {isa = PBXFileReference; fileEncoding = 4; lastKnownFileType = sourcecode.c.h; path = ServerInterface.h; sourceTree = "<group>"; };
		CEB8D1121986BBB80000FCD4 /* ServerInterface.m */ = {isa = PBXFileReference; fileEncoding = 4; lastKnownFileType = sourcecode.c.objc; path = ServerInterface.m; sourceTree = "<group>"; };
		CEB8D1151986BC280000FCD4 /* Constants.h */ = {isa = PBXFileReference; fileEncoding = 4; lastKnownFileType = sourcecode.c.h; path = Constants.h; sourceTree = "<group>"; };
		CEB8D1161986BC280000FCD4 /* Constants.m */ = {isa = PBXFileReference; fileEncoding = 4; lastKnownFileType = sourcecode.c.objc; path = Constants.m; sourceTree = "<group>"; };
/* End PBXFileReference section */

/* Begin PBXFrameworksBuildPhase section */
		CEB8D06D1986B9250000FCD4 /* Frameworks */ = {
			isa = PBXFrameworksBuildPhase;
			buildActionMask = 2147483647;
			files = (
				CEB8D0761986B9250000FCD4 /* CoreGraphics.framework in Frameworks */,
				CEB8D0781986B9250000FCD4 /* UIKit.framework in Frameworks */,
				CEB8D0741986B9250000FCD4 /* Foundation.framework in Frameworks */,
			);
			runOnlyForDeploymentPostprocessing = 0;
		};
		CEB8D08E1986B9250000FCD4 /* Frameworks */ = {
			isa = PBXFrameworksBuildPhase;
			buildActionMask = 2147483647;
			files = (
				CEB8D0931986B9250000FCD4 /* XCTest.framework in Frameworks */,
				CEB8D0951986B9250000FCD4 /* UIKit.framework in Frameworks */,
				CEB8D0941986B9250000FCD4 /* Foundation.framework in Frameworks */,
			);
			runOnlyForDeploymentPostprocessing = 0;
		};
/* End PBXFrameworksBuildPhase section */

/* Begin PBXGroup section */
		CEA13C13198987E9006C96C1 /* model */ = {
			isa = PBXGroup;
			children = (
				2798D39A1986E8F7007F860B /* CategoryDto.h */,
				2798D39B1986E8F7007F860B /* CategoryDto.m */,
			);
			name = model;
			path = ..;
			sourceTree = "<group>";
		};
		CEA13C1419898806006C96C1 /* view */ = {
			isa = PBXGroup;
			children = (
				2798D39D1986ED1D007F860B /* CategoryCollectionViewCell.h */,
				2798D39E1986ED1D007F860B /* CategoryCollectionViewCell.m */,
			);
			name = view;
			sourceTree = "<group>";
		};
		CEA13C151989880D006C96C1 /* controller */ = {
			isa = PBXGroup;
			children = (
				2798D3971986DFC8007F860B /* CategoryViewController.h */,
				2798D3981986DFC8007F860B /* CategoryViewController.m */,
				CEA9B5E11986E73B001F66E0 /* DetailViewController.h */,
				CEA9B5E21986E73B001F66E0 /* DetailViewController.m */,
				9811F6501988447E00F79CE9 /* MainViewController.h */,
				9811F6511988447E00F79CE9 /* MainViewController.m */,
				9878C389198D15A600BEB952 /* LanguagesViewController.h */,
				9878C38A198D15A600BEB952 /* LanguagesViewController.m */,
				9878C38C198D171100BEB952 /* FeedbackViewController.h */,
				9878C38D198D171100BEB952 /* FeedbackViewController.m */,
				9878C38F198D172500BEB952 /* InfoViewController.h */,
				9878C390198D172500BEB952 /* InfoViewController.m */,
			);
			name = controller;
			sourceTree = "<group>";
		};
		CEB8D0671986B9240000FCD4 = {
			isa = PBXGroup;
			children = (
				CEB8D1141986BBCA0000FCD4 /* 3rdParty */,
				CEB8D0791986B9250000FCD4 /* CafeeManu */,
				CEB8D0981986B9250000FCD4 /* CafeeManuTests */,
				CEB8D0721986B9250000FCD4 /* Frameworks */,
				CEB8D0711986B9250000FCD4 /* Products */,
			);
			sourceTree = "<group>";
		};
		CEB8D0711986B9250000FCD4 /* Products */ = {
			isa = PBXGroup;
			children = (
				CEB8D0701986B9250000FCD4 /* CafeeManu.app */,
				CEB8D0911986B9250000FCD4 /* CafeeManuTests.xctest */,
			);
			name = Products;
			sourceTree = "<group>";
		};
		CEB8D0721986B9250000FCD4 /* Frameworks */ = {
			isa = PBXGroup;
			children = (
				CEB8D0731986B9250000FCD4 /* Foundation.framework */,
				CEB8D0751986B9250000FCD4 /* CoreGraphics.framework */,
				CEB8D0771986B9250000FCD4 /* UIKit.framework */,
				CEB8D0921986B9250000FCD4 /* XCTest.framework */,
			);
			name = Frameworks;
			sourceTree = "<group>";
		};
		CEB8D0791986B9250000FCD4 /* CafeeManu */ = {
			isa = PBXGroup;
			children = (
				CEA13C151989880D006C96C1 /* controller */,
				CEA13C1419898806006C96C1 /* view */,
				CEA13C13198987E9006C96C1 /* model */,
				CEB8D1151986BC280000FCD4 /* Constants.h */,
				CEB8D1161986BC280000FCD4 /* Constants.m */,
				CEB8D1111986BBB80000FCD4 /* ServerInterface.h */,
				CEB8D1121986BBB80000FCD4 /* ServerInterface.m */,
				CEB8D0821986B9250000FCD4 /* AppDelegate.h */,
				CEB8D0831986B9250000FCD4 /* AppDelegate.m */,
				CEB13A2A19915B6D00F99B4D /* Localization.h */,
				CEB13A2B19915B6D00F99B4D /* Localization.m */,
				CEB8D0851986B9250000FCD4 /* Main.storyboard */,
				2798D3A01986FFB9007F860B /* Images.xcassets */,
				CEB8D07A1986B9250000FCD4 /* Supporting Files */,
				CE9992E219901D70008267EA /* localization.strings */,
			);
			path = CafeeManu;
			sourceTree = "<group>";
		};
		CEB8D07A1986B9250000FCD4 /* Supporting Files */ = {
			isa = PBXGroup;
			children = (
				CEB8D07B1986B9250000FCD4 /* CafeeManu-Info.plist */,
				CEB8D07C1986B9250000FCD4 /* InfoPlist.strings */,
				CEB8D07F1986B9250000FCD4 /* main.m */,
				CEB8D0811986B9250000FCD4 /* CafeeManu-Prefix.pch */,
			);
			name = "Supporting Files";
			sourceTree = "<group>";
		};
		CEB8D0981986B9250000FCD4 /* CafeeManuTests */ = {
			isa = PBXGroup;
			children = (
				CEB8D09E1986B9250000FCD4 /* CafeeManuTests.m */,
				CEB8D0991986B9250000FCD4 /* Supporting Files */,
			);
			path = CafeeManuTests;
			sourceTree = "<group>";
		};
		CEB8D0991986B9250000FCD4 /* Supporting Files */ = {
			isa = PBXGroup;
			children = (
				CEB8D09A1986B9250000FCD4 /* CafeeManuTests-Info.plist */,
				CEB8D09B1986B9250000FCD4 /* InfoPlist.strings */,
			);
			name = "Supporting Files";
			sourceTree = "<group>";
		};
		CEB8D0A81986BB980000FCD4 /* SDWebImage */ = {
			isa = PBXGroup;
			children = (
				CEB8D0A91986BB980000FCD4 /* MKAnnotationView+WebCache.h */,
				CEB8D0AA1986BB980000FCD4 /* MKAnnotationView+WebCache.m */,
				CEB8D0AB1986BB980000FCD4 /* NSData+ImageContentType.h */,
				CEB8D0AC1986BB980000FCD4 /* NSData+ImageContentType.m */,
				CEB8D0AD1986BB980000FCD4 /* SDImageCache.h */,
				CEB8D0AE1986BB980000FCD4 /* SDImageCache.m */,
				CEB8D0AF1986BB980000FCD4 /* SDWebImageCompat.h */,
				CEB8D0B01986BB980000FCD4 /* SDWebImageCompat.m */,
				CEB8D0B11986BB980000FCD4 /* SDWebImageDecoder.h */,
				CEB8D0B21986BB980000FCD4 /* SDWebImageDecoder.m */,
				CEB8D0B31986BB980000FCD4 /* SDWebImageDownloader.h */,
				CEB8D0B41986BB980000FCD4 /* SDWebImageDownloader.m */,
				CEB8D0B51986BB980000FCD4 /* SDWebImageDownloaderOperation.h */,
				CEB8D0B61986BB980000FCD4 /* SDWebImageDownloaderOperation.m */,
				CEB8D0B71986BB980000FCD4 /* SDWebImageManager.h */,
				CEB8D0B81986BB980000FCD4 /* SDWebImageManager.m */,
				CEB8D0B91986BB980000FCD4 /* SDWebImageOperation.h */,
				CEB8D0BA1986BB980000FCD4 /* SDWebImagePrefetcher.h */,
				CEB8D0BB1986BB980000FCD4 /* SDWebImagePrefetcher.m */,
				CEB8D0BC1986BB980000FCD4 /* UIButton+WebCache.h */,
				CEB8D0BD1986BB980000FCD4 /* UIButton+WebCache.m */,
				CEB8D0BE1986BB980000FCD4 /* UIImage+GIF.h */,
				CEB8D0BF1986BB980000FCD4 /* UIImage+GIF.m */,
				CEB8D0C01986BB980000FCD4 /* UIImage+MultiFormat.h */,
				CEB8D0C11986BB980000FCD4 /* UIImage+MultiFormat.m */,
				CEB8D0C21986BB980000FCD4 /* UIImage+WebP.h */,
				CEB8D0C31986BB980000FCD4 /* UIImage+WebP.m */,
				CEB8D0C41986BB980000FCD4 /* UIImageView+HighlightedWebCache.h */,
				CEB8D0C51986BB980000FCD4 /* UIImageView+HighlightedWebCache.m */,
				CEB8D0C61986BB980000FCD4 /* UIImageView+WebCache.h */,
				CEB8D0C71986BB980000FCD4 /* UIImageView+WebCache.m */,
				CEB8D0C81986BB980000FCD4 /* UIView+WebCacheOperation.h */,
				CEB8D0C91986BB980000FCD4 /* UIView+WebCacheOperation.m */,
			);
			path = SDWebImage;
			sourceTree = "<group>";
		};
		CEB8D0DA1986BBAC0000FCD4 /* AFNetworking */ = {
			isa = PBXGroup;
			children = (
				CEB8D0DB1986BBAC0000FCD4 /* AFHTTPRequestOperation.h */,
				CEB8D0DC1986BBAC0000FCD4 /* AFHTTPRequestOperation.m */,
				CEB8D0DD1986BBAC0000FCD4 /* AFHTTPRequestOperationManager.h */,
				CEB8D0DE1986BBAC0000FCD4 /* AFHTTPRequestOperationManager.m */,
				CEB8D0DF1986BBAC0000FCD4 /* AFHTTPSessionManager.h */,
				CEB8D0E01986BBAC0000FCD4 /* AFHTTPSessionManager.m */,
				CEB8D0E11986BBAC0000FCD4 /* AFNetworking.h */,
				CEB8D0E21986BBAC0000FCD4 /* AFNetworkReachabilityManager.h */,
				CEB8D0E31986BBAC0000FCD4 /* AFNetworkReachabilityManager.m */,
				CEB8D0E41986BBAC0000FCD4 /* AFSecurityPolicy.h */,
				CEB8D0E51986BBAC0000FCD4 /* AFSecurityPolicy.m */,
				CEB8D0E61986BBAC0000FCD4 /* AFURLConnectionOperation.h */,
				CEB8D0E71986BBAC0000FCD4 /* AFURLConnectionOperation.m */,
				CEB8D0E81986BBAC0000FCD4 /* AFURLRequestSerialization.h */,
				CEB8D0E91986BBAC0000FCD4 /* AFURLRequestSerialization.m */,
				CEB8D0EA1986BBAC0000FCD4 /* AFURLResponseSerialization.h */,
				CEB8D0EB1986BBAC0000FCD4 /* AFURLResponseSerialization.m */,
				CEB8D0EC1986BBAC0000FCD4 /* AFURLSessionManager.h */,
				CEB8D0ED1986BBAC0000FCD4 /* AFURLSessionManager.m */,
				CEB8D0EE1986BBAC0000FCD4 /* UIKit+AFNetworking */,
			);
			path = AFNetworking;
			sourceTree = "<group>";
		};
		CEB8D0EE1986BBAC0000FCD4 /* UIKit+AFNetworking */ = {
			isa = PBXGroup;
			children = (
				CEB8D0EF1986BBAC0000FCD4 /* AFNetworkActivityIndicatorManager.h */,
				CEB8D0F01986BBAC0000FCD4 /* AFNetworkActivityIndicatorManager.m */,
				CEB8D0F11986BBAC0000FCD4 /* UIActivityIndicatorView+AFNetworking.h */,
				CEB8D0F21986BBAC0000FCD4 /* UIActivityIndicatorView+AFNetworking.m */,
				CEB8D0F31986BBAC0000FCD4 /* UIAlertView+AFNetworking.h */,
				CEB8D0F41986BBAC0000FCD4 /* UIAlertView+AFNetworking.m */,
				CEB8D0F51986BBAC0000FCD4 /* UIButton+AFNetworking.h */,
				CEB8D0F61986BBAC0000FCD4 /* UIButton+AFNetworking.m */,
				CEB8D0F71986BBAC0000FCD4 /* UIImageView+AFNetworking.h */,
				CEB8D0F81986BBAC0000FCD4 /* UIImageView+AFNetworking.m */,
				CEB8D0F91986BBAC0000FCD4 /* UIKit+AFNetworking.h */,
				CEB8D0FA1986BBAC0000FCD4 /* UIProgressView+AFNetworking.h */,
				CEB8D0FB1986BBAC0000FCD4 /* UIProgressView+AFNetworking.m */,
				CEB8D0FC1986BBAC0000FCD4 /* UIRefreshControl+AFNetworking.h */,
				CEB8D0FD1986BBAC0000FCD4 /* UIRefreshControl+AFNetworking.m */,
				CEB8D0FE1986BBAC0000FCD4 /* UIWebView+AFNetworking.h */,
				CEB8D0FF1986BBAC0000FCD4 /* UIWebView+AFNetworking.m */,
			);
			path = "UIKit+AFNetworking";
			sourceTree = "<group>";
		};
		CEB8D1141986BBCA0000FCD4 /* 3rdParty */ = {
			isa = PBXGroup;
			children = (
				CEB8D0A81986BB980000FCD4 /* SDWebImage */,
				CEB8D0DA1986BBAC0000FCD4 /* AFNetworking */,
			);
			name = 3rdParty;
			sourceTree = "<group>";
		};
/* End PBXGroup section */

/* Begin PBXNativeTarget section */
		CEB8D06F1986B9250000FCD4 /* CafeeManu */ = {
			isa = PBXNativeTarget;
			buildConfigurationList = CEB8D0A21986B9250000FCD4 /* Build configuration list for PBXNativeTarget "CafeeManu" */;
			buildPhases = (
				CEB8D06C1986B9250000FCD4 /* Sources */,
				CEB8D06D1986B9250000FCD4 /* Frameworks */,
				CEB8D06E1986B9250000FCD4 /* Resources */,
			);
			buildRules = (
			);
			dependencies = (
			);
			name = CafeeManu;
			productName = CafeeManu;
			productReference = CEB8D0701986B9250000FCD4 /* CafeeManu.app */;
			productType = "com.apple.product-type.application";
		};
		CEB8D0901986B9250000FCD4 /* CafeeManuTests */ = {
			isa = PBXNativeTarget;
			buildConfigurationList = CEB8D0A51986B9250000FCD4 /* Build configuration list for PBXNativeTarget "CafeeManuTests" */;
			buildPhases = (
				CEB8D08D1986B9250000FCD4 /* Sources */,
				CEB8D08E1986B9250000FCD4 /* Frameworks */,
				CEB8D08F1986B9250000FCD4 /* Resources */,
			);
			buildRules = (
			);
			dependencies = (
				CEB8D0971986B9250000FCD4 /* PBXTargetDependency */,
			);
			name = CafeeManuTests;
			productName = CafeeManuTests;
			productReference = CEB8D0911986B9250000FCD4 /* CafeeManuTests.xctest */;
			productType = "com.apple.product-type.bundle.unit-test";
		};
/* End PBXNativeTarget section */

/* Begin PBXProject section */
		CEB8D0681986B9240000FCD4 /* Project object */ = {
			isa = PBXProject;
			attributes = {
				LastUpgradeCheck = 0510;
				ORGANIZATIONNAME = Artak;
				TargetAttributes = {
					CEB8D0901986B9250000FCD4 = {
						TestTargetID = CEB8D06F1986B9250000FCD4;
					};
				};
			};
			buildConfigurationList = CEB8D06B1986B9240000FCD4 /* Build configuration list for PBXProject "CafeeManu" */;
			compatibilityVersion = "Xcode 3.2";
			developmentRegion = English;
			hasScannedForEncodings = 0;
			knownRegions = (
				en,
				Base,
				hy,
				ru,
			);
			mainGroup = CEB8D0671986B9240000FCD4;
			productRefGroup = CEB8D0711986B9250000FCD4 /* Products */;
			projectDirPath = "";
			projectRoot = "";
			targets = (
				CEB8D06F1986B9250000FCD4 /* CafeeManu */,
				CEB8D0901986B9250000FCD4 /* CafeeManuTests */,
			);
		};
/* End PBXProject section */

/* Begin PBXResourcesBuildPhase section */
		CEB8D06E1986B9250000FCD4 /* Resources */ = {
			isa = PBXResourcesBuildPhase;
			buildActionMask = 2147483647;
			files = (
				CE9992E019901D70008267EA /* localization.strings in Resources */,
				2798D3A11986FFBA007F860B /* Images.xcassets in Resources */,
				CEB8D07E1986B9250000FCD4 /* InfoPlist.strings in Resources */,
				CEB8D0871986B9250000FCD4 /* Main.storyboard in Resources */,
			);
			runOnlyForDeploymentPostprocessing = 0;
		};
		CEB8D08F1986B9250000FCD4 /* Resources */ = {
			isa = PBXResourcesBuildPhase;
			buildActionMask = 2147483647;
			files = (
				CEB8D09D1986B9250000FCD4 /* InfoPlist.strings in Resources */,
			);
			runOnlyForDeploymentPostprocessing = 0;
		};
/* End PBXResourcesBuildPhase section */

/* Begin PBXSourcesBuildPhase section */
		CEB8D06C1986B9250000FCD4 /* Sources */ = {
			isa = PBXSourcesBuildPhase;
			buildActionMask = 2147483647;
			files = (
				CEB8D0D71986BB980000FCD4 /* UIImageView+HighlightedWebCache.m in Sources */,
				CEB8D0CB1986BB980000FCD4 /* NSData+ImageContentType.m in Sources */,
				CEB8D1131986BBB80000FCD4 /* ServerInterface.m in Sources */,
				CEB8D0D11986BB980000FCD4 /* SDWebImageManager.m in Sources */,
				CEB8D0CF1986BB980000FCD4 /* SDWebImageDownloader.m in Sources */,
				2798D39C1986E8F7007F860B /* CategoryDto.m in Sources */,
				CEB13A2C19915B6D00F99B4D /* Localization.m in Sources */,
				CEB8D1051986BBAC0000FCD4 /* AFURLConnectionOperation.m in Sources */,
				CEB8D1041986BBAC0000FCD4 /* AFSecurityPolicy.m in Sources */,
				CEB8D10C1986BBAC0000FCD4 /* UIButton+AFNetworking.m in Sources */,
				CEB8D10A1986BBAC0000FCD4 /* UIActivityIndicatorView+AFNetworking.m in Sources */,
				9878C38B198D15A600BEB952 /* LanguagesViewController.m in Sources */,
				CEB8D10E1986BBAC0000FCD4 /* UIProgressView+AFNetworking.m in Sources */,
				9878C391198D172500BEB952 /* InfoViewController.m in Sources */,
				2798D39F1986ED1D007F860B /* CategoryCollectionViewCell.m in Sources */,
				CEB8D0D61986BB980000FCD4 /* UIImage+WebP.m in Sources */,
				CEB8D1021986BBAC0000FCD4 /* AFHTTPSessionManager.m in Sources */,
				CEB8D0D91986BB980000FCD4 /* UIView+WebCacheOperation.m in Sources */,
				CEB8D0CC1986BB980000FCD4 /* SDImageCache.m in Sources */,
				9878C38E198D171100BEB952 /* FeedbackViewController.m in Sources */,
				CEB8D0CA1986BB980000FCD4 /* MKAnnotationView+WebCache.m in Sources */,
				CEB8D1091986BBAC0000FCD4 /* AFNetworkActivityIndicatorManager.m in Sources */,
				CEB8D10B1986BBAC0000FCD4 /* UIAlertView+AFNetworking.m in Sources */,
				CEB8D0CE1986BB980000FCD4 /* SDWebImageDecoder.m in Sources */,
				CEB8D0D51986BB980000FCD4 /* UIImage+MultiFormat.m in Sources */,
				CEB8D1011986BBAC0000FCD4 /* AFHTTPRequestOperationManager.m in Sources */,
				CEB8D1101986BBAC0000FCD4 /* UIWebView+AFNetworking.m in Sources */,
				9811F6521988447E00F79CE9 /* MainViewController.m in Sources */,
				2798D3991986DFC8007F860B /* CategoryViewController.m in Sources */,
				CEB8D0D01986BB980000FCD4 /* SDWebImageDownloaderOperation.m in Sources */,
				CEB8D1001986BBAC0000FCD4 /* AFHTTPRequestOperation.m in Sources */,
				CEB8D10F1986BBAC0000FCD4 /* UIRefreshControl+AFNetworking.m in Sources */,
				CEB8D1081986BBAC0000FCD4 /* AFURLSessionManager.m in Sources */,
				CEB8D0841986B9250000FCD4 /* AppDelegate.m in Sources */,
				CEB8D1031986BBAC0000FCD4 /* AFNetworkReachabilityManager.m in Sources */,
				CEB8D1071986BBAC0000FCD4 /* AFURLResponseSerialization.m in Sources */,
				CEB8D1061986BBAC0000FCD4 /* AFURLRequestSerialization.m in Sources */,
				CEB8D0D31986BB980000FCD4 /* UIButton+WebCache.m in Sources */,
				CEB8D0D21986BB980000FCD4 /* SDWebImagePrefetcher.m in Sources */,
				CEB8D0D81986BB980000FCD4 /* UIImageView+WebCache.m in Sources */,
				CEB8D0CD1986BB980000FCD4 /* SDWebImageCompat.m in Sources */,
				CEB8D0D41986BB980000FCD4 /* UIImage+GIF.m in Sources */,
				CEA9B5E31986E73B001F66E0 /* DetailViewController.m in Sources */,
				CEB8D10D1986BBAC0000FCD4 /* UIImageView+AFNetworking.m in Sources */,
				CEB8D0801986B9250000FCD4 /* main.m in Sources */,
				CEB8D1171986BC280000FCD4 /* Constants.m in Sources */,
			);
			runOnlyForDeploymentPostprocessing = 0;
		};
		CEB8D08D1986B9250000FCD4 /* Sources */ = {
			isa = PBXSourcesBuildPhase;
			buildActionMask = 2147483647;
			files = (
				CEB8D09F1986B9250000FCD4 /* CafeeManuTests.m in Sources */,
			);
			runOnlyForDeploymentPostprocessing = 0;
		};
/* End PBXSourcesBuildPhase section */

/* Begin PBXTargetDependency section */
		CEB8D0971986B9250000FCD4 /* PBXTargetDependency */ = {
			isa = PBXTargetDependency;
			target = CEB8D06F1986B9250000FCD4 /* CafeeManu */;
			targetProxy = CEB8D0961986B9250000FCD4 /* PBXContainerItemProxy */;
		};
/* End PBXTargetDependency section */

/* Begin PBXVariantGroup section */
		CE9992E219901D70008267EA /* localization.strings */ = {
			isa = PBXVariantGroup;
			children = (
				CEB13A231991554500F99B4D /* hy */,
				CEB13A271991555400F99B4D /* ru */,
				CEB13A291991556000F99B4D /* en */,
			);
			name = localization.strings;
			sourceTree = "<group>";
		};
		CEB8D07C1986B9250000FCD4 /* InfoPlist.strings */ = {
			isa = PBXVariantGroup;
			children = (
				CEB8D07D1986B9250000FCD4 /* en */,
				CEB13A221991554500F99B4D /* hy */,
				CEB13A261991555400F99B4D /* ru */,
			);
			name = InfoPlist.strings;
			sourceTree = "<group>";
		};
		CEB8D0851986B9250000FCD4 /* Main.storyboard */ = {
			isa = PBXVariantGroup;
			children = (
				CEB8D0861986B9250000FCD4 /* Base */,
				CE9992DD199004BB008267EA /* en */,
				CEB13A211991554500F99B4D /* hy */,
				CEB13A251991555400F99B4D /* ru */,
			);
			name = Main.storyboard;
			sourceTree = "<group>";
		};
		CEB8D09B1986B9250000FCD4 /* InfoPlist.strings */ = {
			isa = PBXVariantGroup;
			children = (
				CEB8D09C1986B9250000FCD4 /* en */,
				CEB13A241991554500F99B4D /* hy */,
				CEB13A281991555400F99B4D /* ru */,
			);
			name = InfoPlist.strings;
			sourceTree = "<group>";
		};
/* End PBXVariantGroup section */

/* Begin XCBuildConfiguration section */
		CEB8D0A01986B9250000FCD4 /* Debug */ = {
			isa = XCBuildConfiguration;
			buildSettings = {
				ALWAYS_SEARCH_USER_PATHS = NO;
				CLANG_CXX_LANGUAGE_STANDARD = "gnu++0x";
				CLANG_CXX_LIBRARY = "libc++";
				CLANG_ENABLE_MODULES = YES;
				CLANG_ENABLE_OBJC_ARC = YES;
				CLANG_WARN_BOOL_CONVERSION = YES;
				CLANG_WARN_CONSTANT_CONVERSION = YES;
				CLANG_WARN_DIRECT_OBJC_ISA_USAGE = YES_ERROR;
				CLANG_WARN_EMPTY_BODY = YES;
				CLANG_WARN_ENUM_CONVERSION = YES;
				CLANG_WARN_INT_CONVERSION = YES;
				CLANG_WARN_OBJC_ROOT_CLASS = YES_ERROR;
				CLANG_WARN__DUPLICATE_METHOD_MATCH = YES;
				"CODE_SIGN_IDENTITY[sdk=iphoneos*]" = "iPhone Developer";
				COPY_PHASE_STRIP = NO;
				GCC_C_LANGUAGE_STANDARD = gnu99;
				GCC_DYNAMIC_NO_PIC = NO;
				GCC_OPTIMIZATION_LEVEL = 0;
				GCC_PREPROCESSOR_DEFINITIONS = (
					"DEBUG=1",
					"$(inherited)",
				);
				GCC_SYMBOLS_PRIVATE_EXTERN = NO;
				GCC_WARN_64_TO_32_BIT_CONVERSION = YES;
				GCC_WARN_ABOUT_RETURN_TYPE = YES_ERROR;
				GCC_WARN_UNDECLARED_SELECTOR = YES;
				GCC_WARN_UNINITIALIZED_AUTOS = YES_AGGRESSIVE;
				GCC_WARN_UNUSED_FUNCTION = YES;
				GCC_WARN_UNUSED_VARIABLE = YES;
				IPHONEOS_DEPLOYMENT_TARGET = 7.1;
				ONLY_ACTIVE_ARCH = YES;
				SDKROOT = iphoneos;
				TARGETED_DEVICE_FAMILY = 2;
			};
			name = Debug;
		};
		CEB8D0A11986B9250000FCD4 /* Release */ = {
			isa = XCBuildConfiguration;
			buildSettings = {
				ALWAYS_SEARCH_USER_PATHS = NO;
				CLANG_CXX_LANGUAGE_STANDARD = "gnu++0x";
				CLANG_CXX_LIBRARY = "libc++";
				CLANG_ENABLE_MODULES = YES;
				CLANG_ENABLE_OBJC_ARC = YES;
				CLANG_WARN_BOOL_CONVERSION = YES;
				CLANG_WARN_CONSTANT_CONVERSION = YES;
				CLANG_WARN_DIRECT_OBJC_ISA_USAGE = YES_ERROR;
				CLANG_WARN_EMPTY_BODY = YES;
				CLANG_WARN_ENUM_CONVERSION = YES;
				CLANG_WARN_INT_CONVERSION = YES;
				CLANG_WARN_OBJC_ROOT_CLASS = YES_ERROR;
				CLANG_WARN__DUPLICATE_METHOD_MATCH = YES;
				"CODE_SIGN_IDENTITY[sdk=iphoneos*]" = "iPhone Developer";
				COPY_PHASE_STRIP = YES;
				ENABLE_NS_ASSERTIONS = NO;
				GCC_C_LANGUAGE_STANDARD = gnu99;
				GCC_WARN_64_TO_32_BIT_CONVERSION = YES;
				GCC_WARN_ABOUT_RETURN_TYPE = YES_ERROR;
				GCC_WARN_UNDECLARED_SELECTOR = YES;
				GCC_WARN_UNINITIALIZED_AUTOS = YES_AGGRESSIVE;
				GCC_WARN_UNUSED_FUNCTION = YES;
				GCC_WARN_UNUSED_VARIABLE = YES;
				IPHONEOS_DEPLOYMENT_TARGET = 7.1;
				SDKROOT = iphoneos;
				TARGETED_DEVICE_FAMILY = 2;
				VALIDATE_PRODUCT = YES;
			};
			name = Release;
		};
		CEB8D0A31986B9250000FCD4 /* Debug */ = {
			isa = XCBuildConfiguration;
			buildSettings = {
				ASSETCATALOG_COMPILER_APPICON_NAME = AppIcon;
				ASSETCATALOG_COMPILER_LAUNCHIMAGE_NAME = LaunchImage;
				GCC_PRECOMPILE_PREFIX_HEADER = YES;
				GCC_PREFIX_HEADER = "CafeeManu/CafeeManu-Prefix.pch";
				INFOPLIST_FILE = "CafeeManu/CafeeManu-Info.plist";
				PRODUCT_NAME = "$(TARGET_NAME)";
				WRAPPER_EXTENSION = app;
			};
			name = Debug;
		};
		CEB8D0A41986B9250000FCD4 /* Release */ = {
			isa = XCBuildConfiguration;
			buildSettings = {
				ASSETCATALOG_COMPILER_APPICON_NAME = AppIcon;
				ASSETCATALOG_COMPILER_LAUNCHIMAGE_NAME = LaunchImage;
				GCC_PRECOMPILE_PREFIX_HEADER = YES;
				GCC_PREFIX_HEADER = "CafeeManu/CafeeManu-Prefix.pch";
				INFOPLIST_FILE = "CafeeManu/CafeeManu-Info.plist";
				PRODUCT_NAME = "$(TARGET_NAME)";
				WRAPPER_EXTENSION = app;
			};
			name = Release;
		};
		CEB8D0A61986B9250000FCD4 /* Debug */ = {
			isa = XCBuildConfiguration;
			buildSettings = {
				BUNDLE_LOADER = "$(BUILT_PRODUCTS_DIR)/CafeeManu.app/CafeeManu";
				FRAMEWORK_SEARCH_PATHS = (
					"$(SDKROOT)/Developer/Library/Frameworks",
					"$(inherited)",
					"$(DEVELOPER_FRAMEWORKS_DIR)",
				);
				GCC_PRECOMPILE_PREFIX_HEADER = YES;
				GCC_PREFIX_HEADER = "CafeeManu/CafeeManu-Prefix.pch";
				GCC_PREPROCESSOR_DEFINITIONS = (
					"DEBUG=1",
					"$(inherited)",
				);
				INFOPLIST_FILE = "CafeeManuTests/CafeeManuTests-Info.plist";
				PRODUCT_NAME = "$(TARGET_NAME)";
				TEST_HOST = "$(BUNDLE_LOADER)";
				WRAPPER_EXTENSION = xctest;
			};
			name = Debug;
		};
		CEB8D0A71986B9250000FCD4 /* Release */ = {
			isa = XCBuildConfiguration;
			buildSettings = {
				BUNDLE_LOADER = "$(BUILT_PRODUCTS_DIR)/CafeeManu.app/CafeeManu";
				FRAMEWORK_SEARCH_PATHS = (
					"$(SDKROOT)/Developer/Library/Frameworks",
					"$(inherited)",
					"$(DEVELOPER_FRAMEWORKS_DIR)",
				);
				GCC_PRECOMPILE_PREFIX_HEADER = YES;
				GCC_PREFIX_HEADER = "CafeeManu/CafeeManu-Prefix.pch";
				INFOPLIST_FILE = "CafeeManuTests/CafeeManuTests-Info.plist";
				PRODUCT_NAME = "$(TARGET_NAME)";
				TEST_HOST = "$(BUNDLE_LOADER)";
				WRAPPER_EXTENSION = xctest;
			};
			name = Release;
		};
/* End XCBuildConfiguration section */

/* Begin XCConfigurationList section */
		CEB8D06B1986B9240000FCD4 /* Build configuration list for PBXProject "CafeeManu" */ = {
			isa = XCConfigurationList;
			buildConfigurations = (
				CEB8D0A01986B9250000FCD4 /* Debug */,
				CEB8D0A11986B9250000FCD4 /* Release */,
			);
			defaultConfigurationIsVisible = 0;
			defaultConfigurationName = Release;
		};
		CEB8D0A21986B9250000FCD4 /* Build configuration list for PBXNativeTarget "CafeeManu" */ = {
			isa = XCConfigurationList;
			buildConfigurations = (
				CEB8D0A31986B9250000FCD4 /* Debug */,
				CEB8D0A41986B9250000FCD4 /* Release */,
			);
			defaultConfigurationIsVisible = 0;
			defaultConfigurationName = Release;
		};
		CEB8D0A51986B9250000FCD4 /* Build configuration list for PBXNativeTarget "CafeeManuTests" */ = {
			isa = XCConfigurationList;
			buildConfigurations = (
				CEB8D0A61986B9250000FCD4 /* Debug */,
				CEB8D0A71986B9250000FCD4 /* Release */,
			);
			defaultConfigurationIsVisible = 0;
			defaultConfigurationName = Release;
		};
/* End XCConfigurationList section */
	};
	rootObject = CEB8D0681986B9240000FCD4 /* Project object */;
}
